# THIS IS AN AUTOGENERATED FILE. DO NOT EDIT THIS FILE DIRECTLY.
# yarn lockfile v1


balanced-match@^1.0.0:
  version "1.0.0"
  resolved "https://registry.yarnpkg.com/balanced-match/-/balanced-match-1.0.0.tgz#89b4d199ab2bee49de164ea02b89ce462d71b767"

brace-expansion@^1.1.7:
  version "1.1.8"
  resolved "https://registry.yarnpkg.com/brace-expansion/-/brace-expansion-1.1.8.tgz#c07b211c7c952ec1f8efd51a77ef0d1d3990a292"
  dependencies:
    balanced-match "^1.0.0"
    concat-map "0.0.1"

commander@~2.13.0:
  version "2.13.0"
  resolved "https://registry.yarnpkg.com/commander/-/commander-2.13.0.tgz#6964bca67685df7c1f1430c584f07d7597885b9c"

concat-map@0.0.1:
  version "0.0.1"
  resolved "https://registry.yarnpkg.com/concat-map/-/concat-map-0.0.1.tgz#d8a96bd77fd68df7793a73036a3ba0d5405d477b"

estree-walker@^0.2.1:
  version "0.2.1"
  resolved "https://registry.yarnpkg.com/estree-walker/-/estree-walker-0.2.1.tgz#bdafe8095383d8414d5dc2ecf4c9173b6db9412e"

minimatch@^3.0.2:
  version "3.0.4"
  resolved "https://registry.yarnpkg.com/minimatch/-/minimatch-3.0.4.tgz#5166e286457f03306064be5497e8dbb0c3d32083"
  dependencies:
    brace-expansion "^1.1.7"

rollup-plugin-string@2.0.2:
  version "2.0.2"
  resolved "https://registry.yarnpkg.com/rollup-plugin-string/-/rollup-plugin-string-2.0.2.tgz#f5323a22cfd738b450cbea62ab6593705eac744b"
  dependencies:
    rollup-pluginutils "^1.5.0"

rollup-plugin-uglify@3.0.0:
  version "3.0.0"
  resolved "https://registry.yarnpkg.com/rollup-plugin-uglify/-/rollup-plugin-uglify-3.0.0.tgz#a34eca24617709c6bf1778e9653baafa06099b86"
  dependencies:
    uglify-es "^3.3.7"

rollup-pluginutils@^1.5.0:
  version "1.5.2"
  resolved "https://registry.yarnpkg.com/rollup-pluginutils/-/rollup-pluginutils-1.5.2.tgz#1e156e778f94b7255bfa1b3d0178be8f5c552408"
  dependencies:
    estree-walker "^0.2.1"
    minimatch "^3.0.2"

rollup@0.55.3:
  version "0.55.3"
  resolved "https://registry.yarnpkg.com/rollup/-/rollup-0.55.3.tgz#0af082a766d51c3058430c8372442ff5207d8736"

source-map@~0.6.1:
  version "0.6.1"
  resolved "https://registry.yarnpkg.com/source-map/-/source-map-0.6.1.tgz#74722af32e9614e9c287a8d0bbde48b5e2f1a263"

uglify-es@^3.3.7:
  version "3.3.9"
  resolved "https://registry.yarnpkg.com/uglify-es/-/uglify-es-3.3.9.tgz#0c1c4f0700bed8dbc124cdb304d2592ca203e677"
  dependencies:
    commander "~2.13.0"
    source-map "~0.6.1"
